
Microsoft Visual Studio Solution File, Format Version 12.00
# Visual Studio Version 16
VisualStudioVersion = 16.0.31727.386
MinimumVisualStudioVersion = 10.0.40219.1
Project("{FAE04EC0-301F-11D3-BF4B-00C04F79EFBC}") = "Lab 5", "Lab 5\Lab 5.csproj", "{D4A99DF3-4C4F-4394-96EB-49AC714D2144}"
EndProject
Global
	GlobalSection(SolutionConfigurationPlatforms) = preSolution
		Debug|Any CPU = Debug|Any CPU
		Release|Any CPU = Release|Any CPU
	EndGlobalSection
	GlobalSection(ProjectConfigurationPlatforms) = postSolution
		{D4A99DF3-4C4F-4394-96EB-49AC714D2144}.Debug|Any CPU.ActiveCfg = Debug|Any CPU
		{D4A99DF3-4C4F-4394-96EB-49AC714D2144}.Debug|Any CPU.Build.0 = Debug|Any CPU
		{D4A99DF3-4C4F-4394-96EB-49AC714D2144}.Release|Any CPU.ActiveCfg = Release|Any CPU
		{D4A99DF3-4C4F-4394-96EB-49AC714D2144}.Release|Any CPU.Build.0 = Release|Any CPU
	EndGlobalSection
	GlobalSection(SolutionProperties) = preSolution
		HideSolutionNode = FALSE
	EndGlobalSection
	GlobalSection(ExtensibilityGlobals) = postSolution
		SolutionGuid = {3E84008E-A907-4143-A6B7-CF87E9E9D114}
	EndGlobalSection
EndGlobal
